
Microsoft Visual Studio Solution File, Format Version 12.00
# Visual Studio Version 17
VisualStudioVersion = 17.14.37111.16
MinimumVisualStudioVersion = 10.0.40219.1
Project("{FAE04EC0-301F-11D3-BF4B-00C04F79EFBC}") = "BateauEcole.Api", "BateauEcole.Api.csproj", "{0DFC22F6-D4B5-40F6-95DD-586D0EC3093A}"
EndProject
Project("{FAE04EC0-301F-11D3-BF4B-00C04F79EFBC}") = "BateauEcole.Api.Tests", "..\BateauEcole.Api.Tests\BateauEcole.Api.Tests.csproj", "{8719C447-CCA9-40EA-AC2C-75A616BFD61F}"
EndProject
Global
	GlobalSection(SolutionConfigurationPlatforms) = preSolution
		Debug|Any CPU = Debug|Any CPU
		Debug|x64 = Debug|x64
		Debug|x86 = Debug|x86
		Release|Any CPU = Release|Any CPU
		Release|x64 = Release|x64
		Release|x86 = Release|x86
	EndGlobalSection
	GlobalSection(ProjectConfigurationPlatforms) = postSolution
		{0DFC22F6-D4B5-40F6-95DD-586D0EC3093A}.Debug|Any CPU.ActiveCfg = Debug|Any CPU
		{0DFC22F6-D4B5-40F6-95DD-586D0EC3093A}.Debug|Any CPU.Build.0 = Debug|Any CPU
		{0DFC22F6-D4B5-40F6-95DD-586D0EC3093A}.Debug|x64.ActiveCfg = Debug|Any CPU
		{0DFC22F6-D4B5-40F6-95DD-586D0EC3093A}.Debug|x64.Build.0 = Debug|Any CPU
		{0DFC22F6-D4B5-40F6-95DD-586D0EC3093A}.Debug|x86.ActiveCfg = Debug|Any CPU
		{0DFC22F6-D4B5-40F6-95DD-586D0EC3093A}.Debug|x86.Build.0 = Debug|Any CPU
		{0DFC22F6-D4B5-40F6-95DD-586D0EC3093A}.Release|Any CPU.ActiveCfg = Release|Any CPU
		{0DFC22F6-D4B5-40F6-95DD-586D0EC3093A}.Release|Any CPU.Build.0 = Release|Any CPU
		{0DFC22F6-D4B5-40F6-95DD-586D0EC3093A}.Release|x64.ActiveCfg = Release|Any CPU
		{0DFC22F6-D4B5-40F6-95DD-586D0EC3093A}.Release|x64.Build.0 = Release|Any CPU
		{0DFC22F6-D4B5-40F6-95DD-586D0EC3093A}.Release|x86.ActiveCfg = Release|Any CPU
		{0DFC22F6-D4B5-40F6-95DD-586D0EC3093A}.Release|x86.Build.0 = Release|Any CPU
		{8719C447-CCA9-40EA-AC2C-75A616BFD61F}.Debug|Any CPU.ActiveCfg = Debug|Any CPU
		{8719C447-CCA9-40EA-AC2C-75A616BFD61F}.Debug|Any CPU.Build.0 = Debug|Any CPU
		{8719C447-CCA9-40EA-AC2C-75A616BFD61F}.Debug|x64.ActiveCfg = Debug|Any CPU
		{8719C447-CCA9-40EA-AC2C-75A616BFD61F}.Debug|x64.Build.0 = Debug|Any CPU
		{8719C447-CCA9-40EA-AC2C-75A616BFD61F}.Debug|x86.ActiveCfg = Debug|Any CPU
		{8719C447-CCA9-40EA-AC2C-75A616BFD61F}.Debug|x86.Build.0 = Debug|Any CPU
		{8719C447-CCA9-40EA-AC2C-75A616BFD61F}.Release|Any CPU.ActiveCfg = Release|Any CPU
		{8719C447-CCA9-40EA-AC2C-75A616BFD61F}.Release|Any CPU.Build.0 = Release|Any CPU
		{8719C447-CCA9-40EA-AC2C-75A616BFD61F}.Release|x64.ActiveCfg = Release|Any CPU
		{8719C447-CCA9-40EA-AC2C-75A616BFD61F}.Release|x64.Build.0 = Release|Any CPU
		{8719C447-CCA9-40EA-AC2C-75A616BFD61F}.Release|x86.ActiveCfg = Release|Any CPU
		{8719C447-CCA9-40EA-AC2C-75A616BFD61F}.Release|x86.Build.0 = Release|Any CPU
	EndGlobalSection
	GlobalSection(SolutionProperties) = preSolution
		HideSolutionNode = FALSE
	EndGlobalSection
	GlobalSection(ExtensibilityGlobals) = postSolution
		SolutionGuid = {C96EB744-8C1C-4EC8-A024-0C8A2B278C40}
	EndGlobalSection
EndGlobal
